
Microsoft Visual Studio Solution File, Format Version 12.00
# Visual Studio 2013
VisualStudioVersion = 12.0.31101.0
MinimumVisualStudioVersion = 10.0.40219.1
Project("{FAE04EC0-301F-11D3-BF4B-00C04F79EFBC}") = "IronMan", "IronMan\IronMan.csproj", "{FE094262-0C6A-49C8-B11D-CF1094EA5CD4}"
	ProjectSection(ProjectDependencies) = postProject
		{89542593-F25C-4344-ADD3-5BA6D420BA0C} = {89542593-F25C-4344-ADD3-5BA6D420BA0C}
	EndProjectSection
EndProject
Project("{2150E333-8FDC-42A3-9474-1A3956D46DE8}") = "1. Presentacion", "1. Presentacion", "{761D9140-6C79-4B22-850B-011580D205BC}"
EndProject
Project("{2150E333-8FDC-42A3-9474-1A3956D46DE8}") = "2. Servicios", "2. Servicios", "{5C54122B-712F-4487-B4CA-3A47E844B8F8}"
EndProject
Project("{2150E333-8FDC-42A3-9474-1A3956D46DE8}") = "3. Aplicacion", "3. Aplicacion", "{183BBD6C-FB14-45EA-AB15-C0F56F88A361}"
EndProject
Project("{2150E333-8FDC-42A3-9474-1A3956D46DE8}") = "4. Dominio", "4. Dominio", "{F8AD0FEC-1A7A-4DC1-8C60-27CA87FE25DA}"
EndProject
Project("{2150E333-8FDC-42A3-9474-1A3956D46DE8}") = "5. Infra", "5. Infra", "{CBE8CFC9-E8E9-4FC9-A592-FBF23C84D312}"
EndProject
Project("{FAE04EC0-301F-11D3-BF4B-00C04F79EFBC}") = "IronMan.Dominio", "IronMan.Dominio\IronMan.Dominio.csproj", "{4E644133-EB3D-41DF-B65F-EFF89C90FE45}"
EndProject
Project("{FAE04EC0-301F-11D3-BF4B-00C04F79EFBC}") = "IronMan.Repositorio", "Repositorio\IronMan.Repositorio.csproj", "{801B4335-11EF-41A0-8575-8EF9144B39D6}"
EndProject
Project("{FAE04EC0-301F-11D3-BF4B-00C04F79EFBC}") = "IronMan.Gestores", "IronMan.Gestores\IronMan.Gestores.csproj", "{D2303B9D-BBFE-47F1-8F71-6E9E3FA8F58A}"
EndProject
Project("{FAE04EC0-301F-11D3-BF4B-00C04F79EFBC}") = "IronMan.DTO", "IronMan.DTO\IronMan.DTO.csproj", "{A56D39A2-B07B-4415-88D3-D146D654F072}"
EndProject
Project("{FAE04EC0-301F-11D3-BF4B-00C04F79EFBC}") = "IronManWF", "IronManWF\IronManWF.csproj", "{9090CC8D-87B2-47EB-93DC-05E5624417D9}"
EndProject
Project("{FAE04EC0-301F-11D3-BF4B-00C04F79EFBC}") = "IronMan.LibreriaMVP", "IronMan.LibreriaMVP\IronMan.LibreriaMVP.csproj", "{D0DE72CB-1202-455D-B825-BE552FEB444F}"
	ProjectSection(ProjectDependencies) = postProject
		{89542593-F25C-4344-ADD3-5BA6D420BA0C} = {89542593-F25C-4344-ADD3-5BA6D420BA0C}
	EndProjectSection
EndProject
Project("{E24C65DC-7377-472B-9ABA-BC803B73C61A}") = "IronManWeb", "http://localhost:23899", "{A0C820AE-F895-4462-A8BB-BB6FA851FE60}"
	ProjectSection(WebsiteProperties) = preProject
		UseIISExpress = "true"
		TargetFrameworkMoniker = ".NETFramework,Version%3Dv4.5"
		ProjectReferences = "{d2303b9d-bbfe-47f1-8f71-6e9e3fa8f58a}|IronMan.Gestores.dll;{4E644133-EB3D-41DF-B65F-EFF89C90FE45}|IronMan.Dominio.dll;{A56D39A2-B07B-4415-88D3-D146D654F072}|IronMan.DTO.dll;{801B4335-11EF-41A0-8575-8EF9144B39D6}|Repositorio.dll;{d0de72cb-1202-455d-b825-be552feb444f}|IronMan.LibreriaMVP.dll;{59E8CD59-3B6B-400D-BC91-31B9DD738854}|IronMan.AccesoDatos.dll;"
		Debug.AspNetCompiler.VirtualPath = "/localhost_23899"
		Debug.AspNetCompiler.PhysicalPath = "IronManWeb\"
		Debug.AspNetCompiler.TargetPath = "PrecompiledWeb\localhost_23899\"
		Debug.AspNetCompiler.Updateable = "true"
		Debug.AspNetCompiler.ForceOverwrite = "true"
		Debug.AspNetCompiler.FixedNames = "false"
		Debug.AspNetCompiler.Debug = "True"
		Release.AspNetCompiler.VirtualPath = "/localhost_23899"
		Release.AspNetCompiler.PhysicalPath = "IronManWeb\"
		Release.AspNetCompiler.TargetPath = "PrecompiledWeb\localhost_23899\"
		Release.AspNetCompiler.Updateable = "true"
		Release.AspNetCompiler.ForceOverwrite = "true"
		Release.AspNetCompiler.FixedNames = "false"
		Release.AspNetCompiler.Debug = "False"
		SlnRelativePath = "IronManWeb\"
		DefaultWebSiteLanguage = "Visual C#"
	EndProjectSection
EndProject
Project("{FAE04EC0-301F-11D3-BF4B-00C04F79EFBC}") = "IronManWPF", "IronManWPF\IronManWPF.csproj", "{2742EFC0-617E-44EC-AE0A-B30040DAECCF}"
EndProject
Project("{FAE04EC0-301F-11D3-BF4B-00C04F79EFBC}") = "IronManMVC", "IronManMVC\IronManMVC.csproj", "{9C8AD166-10A4-4686-A99A-241719FB727A}"
EndProject
Project("{FAE04EC0-301F-11D3-BF4B-00C04F79EFBC}") = "IronManServicios", "IronManServicios\IronManServicios.csproj", "{89542593-F25C-4344-ADD3-5BA6D420BA0C}"
EndProject
Project("{FAE04EC0-301F-11D3-BF4B-00C04F79EFBC}") = "IronMan.Logging", "IronMan.Logging\IronMan.Logging.csproj", "{15F0D606-BFB0-42D5-94E0-B7DCEF86FBDE}"
EndProject
Project("{FAE04EC0-301F-11D3-BF4B-00C04F79EFBC}") = "IronMan.AccesoDatos", "IronMan.AccesoDatos\IronMan.AccesoDatos.csproj", "{59E8CD59-3B6B-400D-BC91-31B9DD738854}"
EndProject
Project("{FAE04EC0-301F-11D3-BF4B-00C04F79EFBC}") = "IronManMVCBasico", "IronManMVCBasico\IronManMVCBasico.csproj", "{3A7BE0BD-29BB-473F-9932-216A24FCA3C3}"
EndProject
Global
	GlobalSection(SolutionConfigurationPlatforms) = preSolution
		Debug|Any CPU = Debug|Any CPU
		Release|Any CPU = Release|Any CPU
	EndGlobalSection
	GlobalSection(ProjectConfigurationPlatforms) = postSolution
		{FE094262-0C6A-49C8-B11D-CF1094EA5CD4}.Debug|Any CPU.ActiveCfg = Debug|Any CPU
		{FE094262-0C6A-49C8-B11D-CF1094EA5CD4}.Debug|Any CPU.Build.0 = Debug|Any CPU
		{FE094262-0C6A-49C8-B11D-CF1094EA5CD4}.Release|Any CPU.ActiveCfg = Release|Any CPU
		{FE094262-0C6A-49C8-B11D-CF1094EA5CD4}.Release|Any CPU.Build.0 = Release|Any CPU
		{4E644133-EB3D-41DF-B65F-EFF89C90FE45}.Debug|Any CPU.ActiveCfg = Debug|Any CPU
		{4E644133-EB3D-41DF-B65F-EFF89C90FE45}.Debug|Any CPU.Build.0 = Debug|Any CPU
		{4E644133-EB3D-41DF-B65F-EFF89C90FE45}.Release|Any CPU.ActiveCfg = Release|Any CPU
		{4E644133-EB3D-41DF-B65F-EFF89C90FE45}.Release|Any CPU.Build.0 = Release|Any CPU
		{801B4335-11EF-41A0-8575-8EF9144B39D6}.Debug|Any CPU.ActiveCfg = Debug|Any CPU
		{801B4335-11EF-41A0-8575-8EF9144B39D6}.Debug|Any CPU.Build.0 = Debug|Any CPU
		{801B4335-11EF-41A0-8575-8EF9144B39D6}.Release|Any CPU.ActiveCfg = Release|Any CPU
		{801B4335-11EF-41A0-8575-8EF9144B39D6}.Release|Any CPU.Build.0 = Release|Any CPU
		{D2303B9D-BBFE-47F1-8F71-6E9E3FA8F58A}.Debug|Any CPU.ActiveCfg = Debug|Any CPU
		{D2303B9D-BBFE-47F1-8F71-6E9E3FA8F58A}.Debug|Any CPU.Build.0 = Debug|Any CPU
		{D2303B9D-BBFE-47F1-8F71-6E9E3FA8F58A}.Release|Any CPU.ActiveCfg = Release|Any CPU
		{D2303B9D-BBFE-47F1-8F71-6E9E3FA8F58A}.Release|Any CPU.Build.0 = Release|Any CPU
		{A56D39A2-B07B-4415-88D3-D146D654F072}.Debug|Any CPU.ActiveCfg = Debug|Any CPU
		{A56D39A2-B07B-4415-88D3-D146D654F072}.Debug|Any CPU.Build.0 = Debug|Any CPU
		{A56D39A2-B07B-4415-88D3-D146D654F072}.Release|Any CPU.ActiveCfg = Release|Any CPU
		{A56D39A2-B07B-4415-88D3-D146D654F072}.Release|Any CPU.Build.0 = Release|Any CPU
		{9090CC8D-87B2-47EB-93DC-05E5624417D9}.Debug|Any CPU.ActiveCfg = Debug|Any CPU
		{9090CC8D-87B2-47EB-93DC-05E5624417D9}.Debug|Any CPU.Build.0 = Debug|Any CPU
		{9090CC8D-87B2-47EB-93DC-05E5624417D9}.Release|Any CPU.ActiveCfg = Release|Any CPU
		{9090CC8D-87B2-47EB-93DC-05E5624417D9}.Release|Any CPU.Build.0 = Release|Any CPU
		{D0DE72CB-1202-455D-B825-BE552FEB444F}.Debug|Any CPU.ActiveCfg = Debug|Any CPU
		{D0DE72CB-1202-455D-B825-BE552FEB444F}.Debug|Any CPU.Build.0 = Debug|Any CPU
		{D0DE72CB-1202-455D-B825-BE552FEB444F}.Release|Any CPU.ActiveCfg = Release|Any CPU
		{D0DE72CB-1202-455D-B825-BE552FEB444F}.Release|Any CPU.Build.0 = Release|Any CPU
		{A0C820AE-F895-4462-A8BB-BB6FA851FE60}.Debug|Any CPU.ActiveCfg = Debug|Any CPU
		{A0C820AE-F895-4462-A8BB-BB6FA851FE60}.Debug|Any CPU.Build.0 = Debug|Any CPU
		{A0C820AE-F895-4462-A8BB-BB6FA851FE60}.Release|Any CPU.ActiveCfg = Debug|Any CPU
		{A0C820AE-F895-4462-A8BB-BB6FA851FE60}.Release|Any CPU.Build.0 = Debug|Any CPU
		{2742EFC0-617E-44EC-AE0A-B30040DAECCF}.Debug|Any CPU.ActiveCfg = Debug|Any CPU
		{2742EFC0-617E-44EC-AE0A-B30040DAECCF}.Debug|Any CPU.Build.0 = Debug|Any CPU
		{2742EFC0-617E-44EC-AE0A-B30040DAECCF}.Release|Any CPU.ActiveCfg = Release|Any CPU
		{2742EFC0-617E-44EC-AE0A-B30040DAECCF}.Release|Any CPU.Build.0 = Release|Any CPU
		{9C8AD166-10A4-4686-A99A-241719FB727A}.Debug|Any CPU.ActiveCfg = Debug|Any CPU
		{9C8AD166-10A4-4686-A99A-241719FB727A}.Debug|Any CPU.Build.0 = Debug|Any CPU
		{9C8AD166-10A4-4686-A99A-241719FB727A}.Release|Any CPU.ActiveCfg = Release|Any CPU
		{9C8AD166-10A4-4686-A99A-241719FB727A}.Release|Any CPU.Build.0 = Release|Any CPU
		{89542593-F25C-4344-ADD3-5BA6D420BA0C}.Debug|Any CPU.ActiveCfg = Debug|Any CPU
		{89542593-F25C-4344-ADD3-5BA6D420BA0C}.Debug|Any CPU.Build.0 = Debug|Any CPU
		{89542593-F25C-4344-ADD3-5BA6D420BA0C}.Release|Any CPU.ActiveCfg = Release|Any CPU
		{89542593-F25C-4344-ADD3-5BA6D420BA0C}.Release|Any CPU.Build.0 = Release|Any CPU
		{15F0D606-BFB0-42D5-94E0-B7DCEF86FBDE}.Debug|Any CPU.ActiveCfg = Debug|Any CPU
		{15F0D606-BFB0-42D5-94E0-B7DCEF86FBDE}.Debug|Any CPU.Build.0 = Debug|Any CPU
		{15F0D606-BFB0-42D5-94E0-B7DCEF86FBDE}.Release|Any CPU.ActiveCfg = Release|Any CPU
		{15F0D606-BFB0-42D5-94E0-B7DCEF86FBDE}.Release|Any CPU.Build.0 = Release|Any CPU
		{59E8CD59-3B6B-400D-BC91-31B9DD738854}.Debug|Any CPU.ActiveCfg = Debug|Any CPU
		{59E8CD59-3B6B-400D-BC91-31B9DD738854}.Debug|Any CPU.Build.0 = Debug|Any CPU
		{59E8CD59-3B6B-400D-BC91-31B9DD738854}.Release|Any CPU.ActiveCfg = Release|Any CPU
		{59E8CD59-3B6B-400D-BC91-31B9DD738854}.Release|Any CPU.Build.0 = Release|Any CPU
		{3A7BE0BD-29BB-473F-9932-216A24FCA3C3}.Debug|Any CPU.ActiveCfg = Debug|Any CPU
		{3A7BE0BD-29BB-473F-9932-216A24FCA3C3}.Debug|Any CPU.Build.0 = Debug|Any CPU
		{3A7BE0BD-29BB-473F-9932-216A24FCA3C3}.Release|Any CPU.ActiveCfg = Release|Any CPU
		{3A7BE0BD-29BB-473F-9932-216A24FCA3C3}.Release|Any CPU.Build.0 = Release|Any CPU
	EndGlobalSection
	GlobalSection(SolutionProperties) = preSolution
		HideSolutionNode = FALSE
	EndGlobalSection
	GlobalSection(NestedProjects) = preSolution
		{FE094262-0C6A-49C8-B11D-CF1094EA5CD4} = {761D9140-6C79-4B22-850B-011580D205BC}
		{4E644133-EB3D-41DF-B65F-EFF89C90FE45} = {F8AD0FEC-1A7A-4DC1-8C60-27CA87FE25DA}
		{801B4335-11EF-41A0-8575-8EF9144B39D6} = {F8AD0FEC-1A7A-4DC1-8C60-27CA87FE25DA}
		{D2303B9D-BBFE-47F1-8F71-6E9E3FA8F58A} = {183BBD6C-FB14-45EA-AB15-C0F56F88A361}
		{A56D39A2-B07B-4415-88D3-D146D654F072} = {183BBD6C-FB14-45EA-AB15-C0F56F88A361}
		{9090CC8D-87B2-47EB-93DC-05E5624417D9} = {761D9140-6C79-4B22-850B-011580D205BC}
		{D0DE72CB-1202-455D-B825-BE552FEB444F} = {761D9140-6C79-4B22-850B-011580D205BC}
		{A0C820AE-F895-4462-A8BB-BB6FA851FE60} = {761D9140-6C79-4B22-850B-011580D205BC}
		{2742EFC0-617E-44EC-AE0A-B30040DAECCF} = {761D9140-6C79-4B22-850B-011580D205BC}
		{9C8AD166-10A4-4686-A99A-241719FB727A} = {761D9140-6C79-4B22-850B-011580D205BC}
		{89542593-F25C-4344-ADD3-5BA6D420BA0C} = {5C54122B-712F-4487-B4CA-3A47E844B8F8}
		{15F0D606-BFB0-42D5-94E0-B7DCEF86FBDE} = {CBE8CFC9-E8E9-4FC9-A592-FBF23C84D312}
		{59E8CD59-3B6B-400D-BC91-31B9DD738854} = {CBE8CFC9-E8E9-4FC9-A592-FBF23C84D312}
		{3A7BE0BD-29BB-473F-9932-216A24FCA3C3} = {761D9140-6C79-4B22-850B-011580D205BC}
	EndGlobalSection
	GlobalSection(ExtensibilityGlobals) = postSolution
		EnterpriseLibraryConfigurationToolBinariesPathV6 = packages\EnterpriseLibrary.Common.6.0.1304.0\lib\NET45;packages\EnterpriseLibrary.Logging.6.0.1304.0\lib\NET45
	EndGlobalSection
EndGlobal
