
Microsoft Visual Studio Solution File, Format Version 12.00
# Visual Studio Express 2013 for Windows Desktop
VisualStudioVersion = 12.0.21005.1
MinimumVisualStudioVersion = 10.0.40219.1
Project("{FAE04EC0-301F-11D3-BF4B-00C04F79EFBC}") = "BAGA", "BAGA.csproj", "{F31FC25B-0880-4628-AC48-57B39271DBA3}"
EndProject
Project("{FAE04EC0-301F-11D3-BF4B-00C04F79EFBC}") = "BAGA.DataAccess", "BAGA.DataAccess\BAGA.DataAccess.csproj", "{0F65FE39-43C7-4E08-8B8A-D36A140BF626}"
EndProject
Project("{FAE04EC0-301F-11D3-BF4B-00C04F79EFBC}") = "BAGA.Modelo", "BAGA.Modelo\BAGA.Modelo.csproj", "{C662F013-817E-4623-8255-BFF129BB3449}"
EndProject
Global
	GlobalSection(SolutionConfigurationPlatforms) = preSolution
		Debug|Any CPU = Debug|Any CPU
		Release|Any CPU = Release|Any CPU
	EndGlobalSection
	GlobalSection(ProjectConfigurationPlatforms) = postSolution
		{F31FC25B-0880-4628-AC48-57B39271DBA3}.Debug|Any CPU.ActiveCfg = Debug|Any CPU
		{F31FC25B-0880-4628-AC48-57B39271DBA3}.Debug|Any CPU.Build.0 = Debug|Any CPU
		{F31FC25B-0880-4628-AC48-57B39271DBA3}.Release|Any CPU.ActiveCfg = Release|Any CPU
		{F31FC25B-0880-4628-AC48-57B39271DBA3}.Release|Any CPU.Build.0 = Release|Any CPU
		{0F65FE39-43C7-4E08-8B8A-D36A140BF626}.Debug|Any CPU.ActiveCfg = Debug|Any CPU
		{0F65FE39-43C7-4E08-8B8A-D36A140BF626}.Debug|Any CPU.Build.0 = Debug|Any CPU
		{0F65FE39-43C7-4E08-8B8A-D36A140BF626}.Release|Any CPU.ActiveCfg = Release|Any CPU
		{0F65FE39-43C7-4E08-8B8A-D36A140BF626}.Release|Any CPU.Build.0 = Release|Any CPU
		{C662F013-817E-4623-8255-BFF129BB3449}.Debug|Any CPU.ActiveCfg = Debug|Any CPU
		{C662F013-817E-4623-8255-BFF129BB3449}.Debug|Any CPU.Build.0 = Debug|Any CPU
		{C662F013-817E-4623-8255-BFF129BB3449}.Release|Any CPU.ActiveCfg = Release|Any CPU
		{C662F013-817E-4623-8255-BFF129BB3449}.Release|Any CPU.Build.0 = Release|Any CPU
	EndGlobalSection
	GlobalSection(SolutionProperties) = preSolution
		HideSolutionNode = FALSE
	EndGlobalSection
EndGlobal
